{
  "name": "paytr",
  "version": "1.0.0",
  "lockfileVersion": 1,
  "requires": true,
  "dependencies": {
    "@truffle/hdwallet-provider": {
      "version": "1.4.0",
      "resolved": "https://registry.npmjs.org/@truffle/hdwallet-provider/-/hdwallet-provider-1.4.0.tgz",
      "integrity": "sha512-uV3F9jPjzH1kD5b5x2x5m6u6WqYH2d1f1b1f1b1f1b1f1b1f1b1f1b1f1b1f1b1f1b1f1b1f1b1f1b1f1b1f1b1f1b1f1b1f1b1f1b1f1b1f1b1f1b1f1b1f1b1f1b1f1b1f1b1f1b1f1b1f1b1f1b1f1b1f1b1f1b1f1b1f1b1f1b1f1b1f1b1f1b1f1b1f1b1f1b1f1b1f1b1f1b1f1b1f1b1f1b1f1b1f1b1f1b1f1b1f1b1f1b1f1b1f1b1f1b1f1b1f1b1f1b1f1b1f1b1f1b1f1b1f1b1f1b1f1b1f1b1f1b1f1b1f1b1f1b1f1b1f1b1f1b1f1b1f1b1f1b1f1b1f1b1f1b1f1b1f1b1f1b1f1b1f1b1f1b1f1b1f1b1f1b1f1b1f1b1f1b1f1b1f1b1f1b1f1b1f1b1f1b1f1b1f1b1f1b1f1b1f1b1f1b1f1b1f1b1f1b1f1b1f1b1f1b1f1b1f1b1f1b1f1b1f1b1f1b1f1b1f1b1f1b1f1b1f1b1f1b1f1b1f1b1f1b1f1b1f1b1f1b1f1b1f1b1f1b1f1b1f1b1f1b1f1b1f1b1f1b1f1b1f1b1f1b1f1b1f1b1f1b1f1b1f1b1f1b1f1b1f1b1f1b1f1b1f1b1f1b1f1b1f1b1f1b1f1b1f1b1f1b1f1b1f1b1f1b1f1b1f1b1f1b1f1b1f1b1f1b1f1b1f1b1f1b1f1b1f1b1f1b1f1b1f1b1f1b1f1b1f1b1f1b1f1b1f1b1f1b1f1b1f1b1f1b1f1b1f1b1f1b1f1b1f1b1f1b1f1b1f1b1f1b1f1b1f1b1f1b1f1b1f1b1f1b1f1b1f1b1f1b1f1b1f1b1f1b1f1b1f1b1f1b1f1b1f1b1f1b1f1b1f1b1f1b1f1b1f1b1f1b1f1b1f1b1f1b1f1b1f1b1f1b1f1b1f1b1f1b1f1b1f1b1f1b1f1b1f1b1f1b1f1b1f1b1f1b1f1b1f1b1f1b1f1b1f1b1f1b1f1b1f1b1f1b1f1b1f1b1f1b1f1b1f1b1f1b1f1b1f1b1f1b1f1b1f1b1f1b1f1b1f1b1f1b1f1b1f1b1f1b1f1b1f1b1f1b1f1b1f1b1f1b1f1b1f1b1f1b1f1b1f1b1f1b1f1b1f1b1f1b1f1b1f1b1f1b1f1b1f1b1f1b1f1b1f1b1f1b1f1b1f1b1f1b1f1b1f1b1f1b1f1b1f1b1f1b1f1b1f1b1f1b1f1b1f1b1f1b1f1b1f1b1f1b1f1b1f1b1f1b1f1b1f1b1f1b1f1b1f1b1f1b1f1b1f1b1f1b1f1b1f1b1f1b1f1b1f1b1f1b1f1b1f1b1f1b1f1b1f1b1f1b1f1b1f1b1f1b1f1b1f1b1f1b1f1b1f1b1f1b1f1b1f1b1f1b1f1b1f1b1f1b1f1b1f1b1f1b1f1b1f1b1f1b1f1b1f1b1f1b1f1b1f1b1f1b1f1b1f1b1f1b1f1b1f1b1f1b1f1b1f1b1f1b1f1b1f1b1f1b1f1b1f1b1f1b1f1b1f1b1f1b1f1b1f1b1f1b1f1b1f1b1f1b1f1b1f1b1f1b1f1b1f1b1f1b1f1b1f1b1f1b1f1b1f1b1f1b1f1b1f1b1f1b1f1b1f1b1f1b1f1b1f1b1f1b1f1b1f1b1f1b1f1b1f1b1f1b1f1b1f1b1f1b1f1b1f1b1f1b1f1b1f1b1f1b1f1b1f1b1f1b1f1b1f1b1f1b1f1b1f1b1f1b1f1b1f1b1f1b1f1b1f1b1f1b1f1b1f1b1f1b1f1b1f1b1f1b1f1b1f1b1f1b1f1b1f1b1f1b1f1b1f1b1f1b1f1b1f1b1f1b1f1b1f1b1f1b1f1b1f1b1f1b1f1b1f1b1f1b1f1b1f1b1f1b1f1b1f1b1f1b1f1b1f1b1f1b1f1b1f1b1f1b1f1b1f1b1f1b1f1b1f1b1f1b1f1b1f1b1f1b1f1b1f1b1f1b1f1b1f1b1f1b1f1b1f1b1f1b1f1b1f1b1f1b1f1b1f1b1f1b1f1b1f1b1f1b1f1b1f1b1f1b1f1b1f1b1f1b1f1b1f1b1f1b1f1b1f1b1f1b1f1b1f1b1f1b1f1b1f1b1f1b1f1b1f1b1f1b1f1b1f1b1f1b1f1b1f1b1f1b1f1b1f1b1f1b1f1b1f1b1f1b1f1b1f1b1f1b1f1b1f1b1f1b1f1b1f1b1f1b1f1b1f1b1f1b1f1b1f1b1f1b1f1b1f1b1f1b1f1b1f1b1f1b1f1b1f1b1f1b1f1b1f1b1f1b1f1b1f1b1f1b1f1b1f1b1f1b1f1b1f1b1f1b1f1b1f1b1f1b1f1b1f1b1f1b1f1b1f1b1f1b1f1b1f1b1f1b1f1b1f1b1f1b1f1b1f1b1f1b1f1b1f1b1f1b1f1b1f1b1f1b1f1b1f1b1f1b1f1b1f1b1f1b1f1b1f1b1f1b1f1b1f1b1f1b1f1b1f1b1f1b1f1b1f1b1f1b1f1b1f1b1f1b1f1b1f1b1f1b1f1b1f1b1f1b1f1b1f1b1f1b1f1b1f1b1f1b1f1b1f1b1f1b1f1b1f1b1f1b1f1b1f1b1f1b1f1b1f1b1f1b1f1b1f1b1f1b1f1b1f1b1f1b1f1b1f1b1f1b1f1b1f1b1f1b1f1b1f1b1f1b1f1b1f1b1f1b1f1b1f1b1f1b1f1b1f1b1f1b1f1b1f1b1f1b1f1b1f1b1f1b1f1b1f1b1f1b1f1b1f1b1f1b1f1b1f1b1f1b1f1b1f1b1f1b1f1b1f1b1f1b1f1b1f1b1f1b1f1b1f1b1f1b1f1b1f1b1f1b1f1b1f1b1f1b1f1b1f1b1f1b1f1b1f1b1f1b1f1b1f1b1f1b1f1b1f1b1f1b1f1b1f1b1f1b1f1b1f1b1f1b1f1b1f1b1f1b1f1b1f1b1f1b1f1b1f1b1f1b1f1b1f1b1f1b1f1b1f1b1f1b1f1b1f1b1f1b1f1b1f1b1f1b1f1b1f1b1f1b1f1b1f1b1f1b1f1b1f1b1f1b1f1b1f1b1f1b1f1b1f1b1f1b1f1b1f1b1f1b1f1b1f1b1f1b1f1b1f1b1f1b1f1b1f1b1f1b1f1b1f1b1f1b1f1b1f1b1f1b1f1b1f1b1f1b1f1b1f1b1f1b1f1b1f1b1f1b1f1b1f1b1f1b1f1b1f1b1f1b1f1b1f1b1f1b1f1b1f1b1f1b1f1b1f1b1f1b1f1b1f1b1f1b1f1b1f1b1f1b1f1b1f1b1f1b1f1b1f1b1f1b1f1b1f1b1f1b1f1b1f1b1f1b1f1b1f1b1f1b1f1b1f1b1f1b1f1b1f1b1f1b1f1b1f1b1f1b1f1b1f1b1f1b1f1b1f1b1f1b1f1b1f1b1f1b1f1b1f1b1f1b1f1b1f1b1f1b1f1b1f1b1f1b1f1b1f1b1f1b1f1b1f1b1f1b1f1b1f1b1f1b1f1b1f1b1f1b1f1b1f1b1f1b1f1b1f1b1f1b1f1b1f1b1f1b1f1b1f1b1f1b1f1b1f1b1f1b1f1b1f1b1f1b1f1b1f1b1f1b1f1b1f1b1f1b1f1b1f1b1f1b1f1b1f1b1f1b1f1b1f1b1f1b1f1b1f1b1f1b1f1b1f1b1f1b1f1b1f1b1f1b1f1b1f1b1f1b1f1b1f1b1f1b1f1b1f1b1f1b1f1b1f1b1f1b1f1b1f1b1f1b1f1b1f1b1f1b1f1b1f1b1f1b1f1b1f1b1f1b1f1b1f1b1f1b1f1b1f1b1f1b1f1b1f1b1f1b1f1b1f1b1f1b1f1b1f1b1f1b1f1b1f1b1f1b1f1b1f1b1f1b1f1b1f1b1f1b1f1b1f1b1f1b1f1b1f1b1f1b1f1b1f1b1f1b1f1b1f1b1f1b1f1b1f1b1f1b1f1b1f1b1f1b1f1b1f1b1f1b1f1b1f1b1f1b1f1b1f1b1f1b1f1b1f1b1f1b1f1b1f1b1f1b1f1b1f1b1f1b1f1b1f1b1f1b1f1b1f1b1f1b1f1b1f1b1f1b1f1b1f1b1f1b1f1b1f1b1f1b1f1b1f1b1f1b1f1b1f1b1f1b1f1b1f1b1f1b1f1b1f1b1f1b1f1b1f1b1f1b1f1b1f1b1f1b1f1b1f1b1f1b1f1b1f1b1f1b1f1b1f1b1f1b1f1b1f1b1f1b1f1b1f1b1f1b1f1b1f1b1f1b1f1b1f1b1f1b1f1b1f1b1f1b1f1b1f1b1f1b1f1b1f1b1f1b1f1b1f1b1f1b1f1b1f1b1f1b1f1b1f1b1f1b1f1b1f1b1f1b1f1b1f1b1f1b1f1b1f1b1f1b1f1b1f1b1f1b1f1b1f1b1f1b1f1b1f1b1f1b1f1b1f1b1f1b1f1b1f1b1f1b1f1b1f1b1f1b1f1b1f1b1f1b1f1b1f1b1f1b1f1b1f1b1f1b1f1b1f1b1f1b1f1b1f1b1f1b1f1b1f1b1f1b1f1b1f1b1f1b1f1b1f1b1f1b1f1b1f1b1f1b1f1b1f1b1f1b1f1b1f1b1f1b1f1b1f1b1f1b1f1b1f1b1f1b1f1b1f1b1f1b1f1b1f1b1f1b1f1b1f1b1f1b1f1b1f1b1f1b1f1b1f1b1f1b1f1b1f1b1f1b1f1b1f1b1f1b1f1b1f1b1f1b1f1b1f1b1f1b1f1b1f1b1f1b1f1b1f1b1f1b1f1b1f1b1f1b1f1b1f1b1f1b1f1b1f1b1f1b1f1b1f1b1f1b1f1b1f1b1f1b1f1b1f1b1f1b1f1b1f1b1f1b1f1b1f1b1f1b1f1b1f1b1f1b1f1b1f1b1f1b1f1b1f1b1f1b1f1b1f1b1f1b1f1b1f1b1f1b1f1b1f1b1f1b1f1b1f1b1f1b1f1b1f1b1f1b1f1b1f1b1f1b1f1b1f1b1f1b
