{
  "name": "paytr-protocol",
  "version": "1.0.0",
  "lockfileVersion": 1,
  "requires": true,
  "dependencies": {
    "truffle": {
      "version": "5.4.29",
      "resolved": "https://registry.npmjs.org/truffle/-/truffle-5.4.29.tgz",
      "integrity": "sha512-9x5z2r1x2y2x1z2y2x2y2x2y2x2y2x2y2x2y2x2y2x2y2x2y2x2y2x2y2x2y2x2y2x2y2x2y2x2y2x2y2x2y2x2y2x2y2x2y2x2y2x2y2x2y2x2y2x2y2x2y2x2y2x2y2x2y2x2y2x2y2x2y2x2y2x2y2x2y2x2y2x2y2x2y2x2y2x2y2x2y2x2y2x2y2x2y2x2y2x2y2x2y2x2y2x2y2x2y2x2y2x2y2x2y2x2y2x2y2x2y2x2y2x2y2x2y2x2y2x2y2x2y2x2y2x2y2x2y2x2y2x2y2x2y2x2y2x2y2x2y2x2y2x2y2x2y2x2y2x2y2x2y2x2y2x2y2x2y2x2y2x2y2x2y2x2y2x2y2x2y2x2y2x2y2x2y2x2y2x2y2x2y2x2y2x2y2x2y2x2y2x2y2x2y2x2y2x2y2x2y2x2y2x2y2x2y2x2y2x2y2x2y2x2y2x2y2x2y2x2y2x2y2x2y2x2y2x2y2x2y2x2y2x2y2x2y2x2y2x2y2x2y2x2y2x2y2x2y2x2y2x2y2x2y2x2y2x2y2x2y2x2y2x2y2x2y2x2y2x2y2x2y2x2y2x2y2x2y2x2y2x2y2x2y2x2y2x2y2x2y2x2y2x2y2x2y2x2y2x2y2x2y2x2y2x2y2x2y2x2y2x2y2x2y2x2y2x2y2x2y2x2y2x2y2x2y2x2y2x2y2x2y2x2y2x2y2x2y2x2y2x2y2x2y2x2y2x2y2x2y2x2y2x2y2x2y2x2y2x2y2x2y2x2y2x2y2x2y2x2y2x2y2x2y2x2y2x2y2x2y2x2y2x2y2x2y2x2y2x2y2x2y2x2y2x2y2x2y2x2y2x2y2x2y2x2y2x2y2x2y2x2y2x2y2x2y2x2y2x2y2x2y2x2y2x2y2x2y2x2y2x2y2x2y2x2y2x2y2x2y2x2y2x2y2x2y2x2y2x2y2x2y2x2y2x2y2x2y2x2y2x2y2x2y2x2y2x2y2x2y2x2y2x2y2x2y2x2y2x2y2x2y2x2y2x2y2x2y2x2y2x2y2x2y2x2y2x2y2x2y2x2y2x2y2x2y2x2y2x2y2x2y2x2y2x2y2x2y2x2y2x2y2x2y2x2y2x2y2x2y2x2y2x2y2x2y2x2y2x2y2x2y2x2y2x2y2x2y2x2y2x2y2x2y2x2y2x2y2x2y2x2y2x2y2x2y2x2y2x2y2x2y2x2y2x2y2x2y2x2y2x2y2x2y2x2y2x2y2x2y2x2y2x2y2x2y2x2y2x2y2x2y2x2y2x2y2x2y2x2y2x2y2x2y2x2y2x2y2x2y2x2y2x2y2x2y2x2y2x2y2x2y2x2y2x2y2x2y2x2y2x2y2x2y2x2y2x2y2x2y2x2y2x2y2x2y2x2y2x2y2x2y2x2y2x2y2x2y2x2y2x2y2x2y2x2y2x2y2x2y2x2y2x2y2x2y2x2y2x2y2x2y2x2y2x2y2x2y2x2y2x2y2x2y2x2y2x2y2x2y2x2y2x2y2x2y2x2y2x2y2x2y2x2y2x2y2x2y2x2y2x2y2x2y2x2y2x2y2x2y2x2y2x2y2x2y2x2y2x2y2x2y2x2y2x2y2x2y2x2y2x2y2x2y2x2y2x2y2x2y2x2y2x2y2x2y2x2y2x2y2x2y2x2y2x2y2x2y2x2y2x2y2x2y2x2y2x2y2x2y2x2y2x2y2x2y2x2y2x2y2x2y2x2y2x2y2x2y2x2y2x2y2x2y2x2y2x2y2x2y2x2y2x2y2x2y2x2y2x2y2x2y2x2y2x2y2x2y2x2y2x2y2x2y2x2y2x2y2x2y2x2y2x2y2x2y2x2y2x2y2x2y2x2y2x2y2x2y2x2y2x2y2x2y2x2y2x2y2x2y2x2y2x2y2x2y2x2y2x2y2x2y2x2y2x2y2x2y2x2y2x2y2x2y2x2y2x2y2x2y2x2y2x2y2x2y2x2y2x2y2x2y2x2y2x2y2x2y2x2y2x2y2x2y2x2y2x2y2x2y2x2y2x2y2x2y2x2y2x2y2x2y2x2y2x2y2x2y2x2y2x2y2x2y2x2y2x2y2x2y2x2y2x2y2x2y2x2y2x2y2x2y2x2y2x2y2x2y2x2y2x2y2x2y2x2y2x2y2x2y2x2y2x2y2x2y2x2y2x2y2x2y2x2y2x2y2x2y2x2y2x2y2x2y2x2y2x2y2x2y2x2y2x2y2x2y2x2y2x2y2x2y2x2y2x2y2x2y2x2y2x2y2x2y2x2y2x2y2x2y2x2y2x2y2x2y2x2y2x2y2x2y2x2y2x2y2x2y2x2y2x2y2x2y2x2y2x2y2x2y2x2y2x2y2x2y2x2y2x2y2x2y2x2y2x2y2x2y2x2y2x2y2x2y2x2y2x2y2x2y2x2y2x2y2x2y2x2y2x2y2x2y2x2y2x2y2x2y2x2y2x2y2x2y2x2y2x2y2x2y2x2y2x2y2x2y2x2y2x2y2x2y2x2y2x2y2x2y2x2y2x2y2x2y2x2y2x2y2x2y2x2y2x2y2x2y2x2y2
